
Microsoft Visual Studio Solution File, Format Version 12.00
# Visual Studio Version 17
VisualStudioVersion = 17.6.33829.357
MinimumVisualStudioVersion = 10.0.40219.1
Project("{FAE04EC0-301F-11D3-BF4B-00C04F79EFBC}") = "routOOP2", "routOOP2\routOOP2.csproj", "{62F79CD3-501A-4190-A86D-C4B1AF8F01F4}"
EndProject
Global
	GlobalSection(SolutionConfigurationPlatforms) = preSolution
		Debug|Any CPU = Debug|Any CPU
		Release|Any CPU = Release|Any CPU
	EndGlobalSection
	GlobalSection(ProjectConfigurationPlatforms) = postSolution
		{62F79CD3-501A-4190-A86D-C4B1AF8F01F4}.Debug|Any CPU.ActiveCfg = Debug|Any CPU
		{62F79CD3-501A-4190-A86D-C4B1AF8F01F4}.Debug|Any CPU.Build.0 = Debug|Any CPU
		{62F79CD3-501A-4190-A86D-C4B1AF8F01F4}.Release|Any CPU.ActiveCfg = Release|Any CPU
		{62F79CD3-501A-4190-A86D-C4B1AF8F01F4}.Release|Any CPU.Build.0 = Release|Any CPU
	EndGlobalSection
	GlobalSection(SolutionProperties) = preSolution
		HideSolutionNode = FALSE
	EndGlobalSection
	GlobalSection(ExtensibilityGlobals) = postSolution
		SolutionGuid = {8362CA43-A588-4D05-9712-FF8DBD7E5998}
	EndGlobalSection
EndGlobal
